
Microsoft Visual Studio Solution File, Format Version 12.00
# Visual Studio Version 16
VisualStudioVersion = 16.0.30114.105
MinimumVisualStudioVersion = 10.0.40219.1
Project("{FAE04EC0-301F-11D3-BF4B-00C04F79EFBC}") = "SuperAdventure", "SuperAdventure\SuperAdventure.csproj", "{8CEE6DB4-4F5D-4A9F-8FE3-04FC1A970274}"
EndProject
Project("{FAE04EC0-301F-11D3-BF4B-00C04F79EFBC}") = "Engine", "Engine\Engine.csproj", "{7697CE20-8D4C-4BEE-A63F-A1E56B7BFC4E}"
EndProject
Global
	GlobalSection(SolutionConfigurationPlatforms) = preSolution
		Debug|Any CPU = Debug|Any CPU
		Release|Any CPU = Release|Any CPU
	EndGlobalSection
	GlobalSection(ProjectConfigurationPlatforms) = postSolution
		{8CEE6DB4-4F5D-4A9F-8FE3-04FC1A970274}.Debug|Any CPU.ActiveCfg = Debug|Any CPU
		{8CEE6DB4-4F5D-4A9F-8FE3-04FC1A970274}.Debug|Any CPU.Build.0 = Debug|Any CPU
		{8CEE6DB4-4F5D-4A9F-8FE3-04FC1A970274}.Release|Any CPU.ActiveCfg = Release|Any CPU
		{8CEE6DB4-4F5D-4A9F-8FE3-04FC1A970274}.Release|Any CPU.Build.0 = Release|Any CPU
		{7697CE20-8D4C-4BEE-A63F-A1E56B7BFC4E}.Debug|Any CPU.ActiveCfg = Debug|Any CPU
		{7697CE20-8D4C-4BEE-A63F-A1E56B7BFC4E}.Debug|Any CPU.Build.0 = Debug|Any CPU
		{7697CE20-8D4C-4BEE-A63F-A1E56B7BFC4E}.Release|Any CPU.ActiveCfg = Release|Any CPU
		{7697CE20-8D4C-4BEE-A63F-A1E56B7BFC4E}.Release|Any CPU.Build.0 = Release|Any CPU
	EndGlobalSection
	GlobalSection(SolutionProperties) = preSolution
		HideSolutionNode = FALSE
	EndGlobalSection
	GlobalSection(ExtensibilityGlobals) = postSolution
		SolutionGuid = {5F49D4DA-8087-4483-92BA-FC3680AE9D2C}
	EndGlobalSection
EndGlobal
